// !$*UTF8*$!
{
	archiveVersion = 1;
	classes = {
	};
	objectVersion = 50;
	objects = {

/* Begin PBXBuildFile section */
		AB2D97F5261207CF001CD8D6 /* DragGameApp.swift in Sources */ = {isa = PBXBuildFile; fileRef = AB2D97F4261207CF001CD8D6 /* DragGameApp.swift */; };
		AB2D97F7261207CF001CD8D6 /* ContentView.swift in Sources */ = {isa = PBXBuildFile; fileRef = AB2D97F6261207CF001CD8D6 /* ContentView.swift */; };
		AB2D97F9261207D2001CD8D6 /* Assets.xcassets in Resources */ = {isa = PBXBuildFile; fileRef = AB2D97F8261207D2001CD8D6 /* Assets.xcassets */; };
		AB2D97FC261207D2001CD8D6 /* Preview Assets.xcassets in Resources */ = {isa = PBXBuildFile; fileRef = AB2D97FB261207D2001CD8D6 /* Preview Assets.xcassets */; };
		AB2D9807261207D2001CD8D6 /* DragGameTests.swift in Sources */ = {isa = PBXBuildFile; fileRef = AB2D9806261207D2001CD8D6 /* DragGameTests.swift */; };
		AB2D9812261207D2001CD8D6 /* DragGameUITests.swift in Sources */ = {isa = PBXBuildFile; fileRef = AB2D9811261207D2001CD8D6 /* DragGameUITests.swift */; };
/* End PBXBuildFile section */

/* Begin PBXContainerItemProxy section */
		AB2D9803261207D2001CD8D6 /* PBXContainerItemProxy */ = {
			isa = PBXContainerItemProxy;
			containerPortal = AB2D97E9261207CF001CD8D6 /* Project object */;
			proxyType = 1;
			remoteGlobalIDString = AB2D97F0261207CF001CD8D6;
			remoteInfo = DragGame;
		};
		AB2D980E261207D2001CD8D6 /* PBXContainerItemProxy */ = {
			isa = PBXContainerItemProxy;
			containerPortal = AB2D97E9261207CF001CD8D6 /* Project object */;
			proxyType = 1;
			remoteGlobalIDString = AB2D97F0261207CF001CD8D6;
			remoteInfo = DragGame;
		};
/* End PBXContainerItemProxy section */

/* Begin PBXFileReference section */
		AB2D97F1261207CF001CD8D6 /* DragGame.app */ = {isa = PBXFileReference; explicitFileType = wrapper.application; includeInIndex = 0; path = DragGame.app; sourceTree = BUILT_PRODUCTS_DIR; };
		AB2D97F4261207CF001CD8D6 /* DragGameApp.swift */ = {isa = PBXFileReference; lastKnownFileType = sourcecode.swift; path = DragGameApp.swift; sourceTree = "<group>"; };
		AB2D97F6261207CF001CD8D6 /* ContentView.swift */ = {isa = PBXFileReference; lastKnownFileType = sourcecode.swift; path = ContentView.swift; sourceTree = "<group>"; };
		AB2D97F8261207D2001CD8D6 /* Assets.xcassets */ = {isa = PBXFileReference; lastKnownFileType = folder.assetcatalog; path = Assets.xcassets; sourceTree = "<group>"; };
		AB2D97FB261207D2001CD8D6 /* Preview Assets.xcassets */ = {isa = PBXFileReference; lastKnownFileType = folder.assetcatalog; path = "Preview Assets.xcassets"; sourceTree = "<group>"; };
		AB2D97FD261207D2001CD8D6 /* Info.plist */ = {isa = PBXFileReference; lastKnownFileType = text.plist.xml; path = Info.plist; sourceTree = "<group>"; };
		AB2D9802261207D2001CD8D6 /* DragGameTests.xctest */ = {isa = PBXFileReference; explicitFileType = wrapper.cfbundle; includeInIndex = 0; path = DragGameTests.xctest; sourceTree = BUILT_PRODUCTS_DIR; };
		AB2D9806261207D2001CD8D6 /* DragGameTests.swift */ = {isa = PBXFileReference; lastKnownFileType = sourcecode.swift; path = DragGameTests.swift; sourceTree = "<group>"; };
		AB2D9808261207D2001CD8D6 /* Info.plist */ = {isa = PBXFileReference; lastKnownFileType = text.plist.xml; path = Info.plist; sourceTree = "<group>"; };
		AB2D980D261207D2001CD8D6 /* DragGameUITests.xctest */ = {isa = PBXFileReference; explicitFileType = wrapper.cfbundle; includeInIndex = 0; path = DragGameUITests.xctest; sourceTree = BUILT_PRODUCTS_DIR; };
		AB2D9811261207D2001CD8D6 /* DragGameUITests.swift */ = {isa = PBXFileReference; lastKnownFileType = sourcecode.swift; path = DragGameUITests.swift; sourceTree = "<group>"; };
		AB2D9813261207D2001CD8D6 /* Info.plist */ = {isa = PBXFileReference; lastKnownFileType = text.plist.xml; path = Info.plist; sourceTree = "<group>"; };
/* End PBXFileReference section */

/* Begin PBXFrameworksBuildPhase section */
		AB2D97EE261207CF001CD8D6 /* Frameworks */ = {
			isa = PBXFrameworksBuildPhase;
			buildActionMask = 2147483647;
			files = (
			);
			runOnlyForDeploymentPostprocessing = 0;
		};
		AB2D97FF261207D2001CD8D6 /* Frameworks */ = {
			isa = PBXFrameworksBuildPhase;
			buildActionMask = 2147483647;
			files = (
			);
			runOnlyForDeploymentPostprocessing = 0;
		};
		AB2D980A261207D2001CD8D6 /* Frameworks */ = {
			isa = PBXFrameworksBuildPhase;
			buildActionMask = 2147483647;
			files = (
			);
			runOnlyForDeploymentPostprocessing = 0;
		};
/* End PBXFrameworksBuildPhase section */

/* Begin PBXGroup section */
		AB2D97E8261207CF001CD8D6 = {
			isa = PBXGroup;
			children = (
				AB2D97F3261207CF001CD8D6 /* DragGame */,
				AB2D9805261207D2001CD8D6 /* DragGameTests */,
				AB2D9810261207D2001CD8D6 /* DragGameUITests */,
				AB2D97F2261207CF001CD8D6 /* Products */,
			);
			sourceTree = "<group>";
		};
		AB2D97F2261207CF001CD8D6 /* Products */ = {
			isa = PBXGroup;
			children = (
				AB2D97F1261207CF001CD8D6 /* DragGame.app */,
				AB2D9802261207D2001CD8D6 /* DragGameTests.xctest */,
				AB2D980D261207D2001CD8D6 /* DragGameUITests.xctest */,
			);
			name = Products;
			sourceTree = "<group>";
		};
		AB2D97F3261207CF001CD8D6 /* DragGame */ = {
			isa = PBXGroup;
			children = (
				AB2D97F4261207CF001CD8D6 /* DragGameApp.swift */,
				AB2D97F6261207CF001CD8D6 /* ContentView.swift */,
				AB2D97F8261207D2001CD8D6 /* Assets.xcassets */,
				AB2D97FD261207D2001CD8D6 /* Info.plist */,
				AB2D97FA261207D2001CD8D6 /* Preview Content */,
			);
			path = DragGame;
			sourceTree = "<group>";
		};
		AB2D97FA261207D2001CD8D6 /* Preview Content */ = {
			isa = PBXGroup;
			children = (
				AB2D97FB261207D2001CD8D6 /* Preview Assets.xcassets */,
			);
			path = "Preview Content";
			sourceTree = "<group>";
		};
		AB2D9805261207D2001CD8D6 /* DragGameTests */ = {
			isa = PBXGroup;
			children = (
				AB2D9806261207D2001CD8D6 /* DragGameTests.swift */,
				AB2D9808261207D2001CD8D6 /* Info.plist */,
			);
			path = DragGameTests;
			sourceTree = "<group>";
		};
		AB2D9810261207D2001CD8D6 /* DragGameUITests */ = {
			isa = PBXGroup;
			children = (
				AB2D9811261207D2001CD8D6 /* DragGameUITests.swift */,
				AB2D9813261207D2001CD8D6 /* Info.plist */,
			);
			path = DragGameUITests;
			sourceTree = "<group>";
		};
/* End PBXGroup section */

/* Begin PBXNativeTarget section */
		AB2D97F0261207CF001CD8D6 /* DragGame */ = {
			isa = PBXNativeTarget;
			buildConfigurationList = AB2D9816261207D2001CD8D6 /* Build configuration list for PBXNativeTarget "DragGame" */;
			buildPhases = (
				AB2D97ED261207CF001CD8D6 /* Sources */,
				AB2D97EE261207CF001CD8D6 /* Frameworks */,
				AB2D97EF261207CF001CD8D6 /* Resources */,
			);
			buildRules = (
			);
			dependencies = (
			);
			name = DragGame;
			productName = DragGame;
			productReference = AB2D97F1261207CF001CD8D6 /* DragGame.app */;
			productType = "com.apple.product-type.application";
		};
		AB2D9801261207D2001CD8D6 /* DragGameTests */ = {
			isa = PBXNativeTarget;
			buildConfigurationList = AB2D9819261207D2001CD8D6 /* Build configuration list for PBXNativeTarget "DragGameTests" */;
			buildPhases = (
				AB2D97FE261207D2001CD8D6 /* Sources */,
				AB2D97FF261207D2001CD8D6 /* Frameworks */,
				AB2D9800261207D2001CD8D6 /* Resources */,
			);
			buildRules = (
			);
			dependencies = (
				AB2D9804261207D2001CD8D6 /* PBXTargetDependency */,
			);
			name = DragGameTests;
			productName = DragGameTests;
			productReference = AB2D9802261207D2001CD8D6 /* DragGameTests.xctest */;
			productType = "com.apple.product-type.bundle.unit-test";
		};
		AB2D980C261207D2001CD8D6 /* DragGameUITests */ = {
			isa = PBXNativeTarget;
			buildConfigurationList = AB2D981C261207D2001CD8D6 /* Build configuration list for PBXNativeTarget "DragGameUITests" */;
			buildPhases = (
				AB2D9809261207D2001CD8D6 /* Sources */,
				AB2D980A261207D2001CD8D6 /* Frameworks */,
				AB2D980B261207D2001CD8D6 /* Resources */,
			);
			buildRules = (
			);
			dependencies = (
				AB2D980F261207D2001CD8D6 /* PBXTargetDependency */,
			);
			name = DragGameUITests;
			productName = DragGameUITests;
			productReference = AB2D980D261207D2001CD8D6 /* DragGameUITests.xctest */;
			productType = "com.apple.product-type.bundle.ui-testing";
		};
/* End PBXNativeTarget section */

/* Begin PBXProject section */
		AB2D97E9261207CF001CD8D6 /* Project object */ = {
			isa = PBXProject;
			attributes = {
				LastSwiftUpdateCheck = 1240;
				LastUpgradeCheck = 1240;
				TargetAttributes = {
					AB2D97F0261207CF001CD8D6 = {
						CreatedOnToolsVersion = 12.4;
					};
					AB2D9801261207D2001CD8D6 = {
						CreatedOnToolsVersion = 12.4;
						TestTargetID = AB2D97F0261207CF001CD8D6;
					};
					AB2D980C261207D2001CD8D6 = {
						CreatedOnToolsVersion = 12.4;
						TestTargetID = AB2D97F0261207CF001CD8D6;
					};
				};
			};
			buildConfigurationList = AB2D97EC261207CF001CD8D6 /* Build configuration list for PBXProject "DragGame" */;
			compatibilityVersion = "Xcode 9.3";
			developmentRegion = en;
			hasScannedForEncodings = 0;
			knownRegions = (
				en,
				Base,
			);
			mainGroup = AB2D97E8261207CF001CD8D6;
			productRefGroup = AB2D97F2261207CF001CD8D6 /* Products */;
			projectDirPath = "";
			projectRoot = "";
			targets = (
				AB2D97F0261207CF001CD8D6 /* DragGame */,
				AB2D9801261207D2001CD8D6 /* DragGameTests */,
				AB2D980C261207D2001CD8D6 /* DragGameUITests */,
			);
		};
/* End PBXProject section */

/* Begin PBXResourcesBuildPhase section */
		AB2D97EF261207CF001CD8D6 /* Resources */ = {
			isa = PBXResourcesBuildPhase;
			buildActionMask = 2147483647;
			files = (
				AB2D97FC261207D2001CD8D6 /* Preview Assets.xcassets in Resources */,
				AB2D97F9261207D2001CD8D6 /* Assets.xcassets in Resources */,
			);
			runOnlyForDeploymentPostprocessing = 0;
		};
		AB2D9800261207D2001CD8D6 /* Resources */ = {
			isa = PBXResourcesBuildPhase;
			buildActionMask = 2147483647;
			files = (
			);
			runOnlyForDeploymentPostprocessing = 0;
		};
		AB2D980B261207D2001CD8D6 /* Resources */ = {
			isa = PBXResourcesBuildPhase;
			buildActionMask = 2147483647;
			files = (
			);
			runOnlyForDeploymentPostprocessing = 0;
		};
/* End PBXResourcesBuildPhase section */

/* Begin PBXSourcesBuildPhase section */
		AB2D97ED261207CF001CD8D6 /* Sources */ = {
			isa = PBXSourcesBuildPhase;
			buildActionMask = 2147483647;
			files = (
				AB2D97F7261207CF001CD8D6 /* ContentView.swift in Sources */,
				AB2D97F5261207CF001CD8D6 /* DragGameApp.swift in Sources */,
			);
			runOnlyForDeploymentPostprocessing = 0;
		};
		AB2D97FE261207D2001CD8D6 /* Sources */ = {
			isa = PBXSourcesBuildPhase;
			buildActionMask = 2147483647;
			files = (
				AB2D9807261207D2001CD8D6 /* DragGameTests.swift in Sources */,
			);
			runOnlyForDeploymentPostprocessing = 0;
		};
		AB2D9809261207D2001CD8D6 /* Sources */ = {
			isa = PBXSourcesBuildPhase;
			buildActionMask = 2147483647;
			files = (
				AB2D9812261207D2001CD8D6 /* DragGameUITests.swift in Sources */,
			);
			runOnlyForDeploymentPostprocessing = 0;
		};
/* End PBXSourcesBuildPhase section */

/* Begin PBXTargetDependency section */
		AB2D9804261207D2001CD8D6 /* PBXTargetDependency */ = {
			isa = PBXTargetDependency;
			target = AB2D97F0261207CF001CD8D6 /* DragGame */;
			targetProxy = AB2D9803261207D2001CD8D6 /* PBXContainerItemProxy */;
		};
		AB2D980F261207D2001CD8D6 /* PBXTargetDependency */ = {
			isa = PBXTargetDependency;
			target = AB2D97F0261207CF001CD8D6 /* DragGame */;
			targetProxy = AB2D980E261207D2001CD8D6 /* PBXContainerItemProxy */;
		};
/* End PBXTargetDependency section */

/* Begin XCBuildConfiguration section */
		AB2D9814261207D2001CD8D6 /* Debug */ = {
			isa = XCBuildConfiguration;
			buildSettings = {
				ALWAYS_SEARCH_USER_PATHS = NO;
				CLANG_ANALYZER_NONNULL = YES;
				CLANG_ANALYZER_NUMBER_OBJECT_CONVERSION = YES_AGGRESSIVE;
				CLANG_CXX_LANGUAGE_STANDARD = "gnu++14";
				CLANG_CXX_LIBRARY = "libc++";
				CLANG_ENABLE_MODULES = YES;
				CLANG_ENABLE_OBJC_ARC = YES;
				CLANG_ENABLE_OBJC_WEAK = YES;
				CLANG_WARN_BLOCK_CAPTURE_AUTORELEASING = YES;
				CLANG_WARN_BOOL_CONVERSION = YES;
				CLANG_WARN_COMMA = YES;
				CLANG_WARN_CONSTANT_CONVERSION = YES;
				CLANG_WARN_DEPRECATED_OBJC_IMPLEMENTATIONS = YES;
				CLANG_WARN_DIRECT_OBJC_ISA_USAGE = YES_ERROR;
				CLANG_WARN_DOCUMENTATION_COMMENTS = YES;
				CLANG_WARN_EMPTY_BODY = YES;
				CLANG_WARN_ENUM_CONVERSION = YES;
				CLANG_WARN_INFINITE_RECURSION = YES;
				CLANG_WARN_INT_CONVERSION = YES;
				CLANG_WARN_NON_LITERAL_NULL_CONVERSION = YES;
				CLANG_WARN_OBJC_IMPLICIT_RETAIN_SELF = YES;
				CLANG_WARN_OBJC_LITERAL_CONVERSION = YES;
				CLANG_WARN_OBJC_ROOT_CLASS = YES_ERROR;
				CLANG_WARN_QUOTED_INCLUDE_IN_FRAMEWORK_HEADER = YES;
				CLANG_WARN_RANGE_LOOP_ANALYSIS = YES;
				CLANG_WARN_STRICT_PROTOTYPES = YES;
				CLANG_WARN_SUSPICIOUS_MOVE = YES;
				CLANG_WARN_UNGUARDED_AVAILABILITY = YES_AGGRESSIVE;
				CLANG_WARN_UNREACHABLE_CODE = YES;
				CLANG_WARN__DUPLICATE_METHOD_MATCH = YES;
				COPY_PHASE_STRIP = NO;
				DEBUG_INFORMATION_FORMAT = dwarf;
				ENABLE_STRICT_OBJC_MSGSEND = YES;
				ENABLE_TESTABILITY = YES;
				GCC_C_LANGUAGE_STANDARD = gnu11;
				GCC_DYNAMIC_NO_PIC = NO;
				GCC_NO_COMMON_BLOCKS = YES;
				GCC_OPTIMIZATION_LEVEL = 0;
				GCC_PREPROCESSOR_DEFINITIONS = (
					"DEBUG=1",
					"$(inherited)",
				);
				GCC_WARN_64_TO_32_BIT_CONVERSION = YES;
				GCC_WARN_ABOUT_RETURN_TYPE = YES_ERROR;
				GCC_WARN_UNDECLARED_SELECTOR = YES;
				GCC_WARN_UNINITIALIZED_AUTOS = YES_AGGRESSIVE;
				GCC_WARN_UNUSED_FUNCTION = YES;
				GCC_WARN_UNUSED_VARIABLE = YES;
				IPHONEOS_DEPLOYMENT_TARGET = 14.4;
				MTL_ENABLE_DEBUG_INFO = INCLUDE_SOURCE;
				MTL_FAST_MATH = YES;
				ONLY_ACTIVE_ARCH = YES;
				SDKROOT = iphoneos;
				SWIFT_ACTIVE_COMPILATION_CONDITIONS = DEBUG;
				SWIFT_OPTIMIZATION_LEVEL = "-Onone";
			};
			name = Debug;
		};
		AB2D9815261207D2001CD8D6 /* Release */ = {
			isa = XCBuildConfiguration;
			buildSettings = {
				ALWAYS_SEARCH_USER_PATHS = NO;
				CLANG_ANALYZER_NONNULL = YES;
				CLANG_ANALYZER_NUMBER_OBJECT_CONVERSION = YES_AGGRESSIVE;
				CLANG_CXX_LANGUAGE_STANDARD = "gnu++14";
				CLANG_CXX_LIBRARY = "libc++";
				CLANG_ENABLE_MODULES = YES;
				CLANG_ENABLE_OBJC_ARC = YES;
				CLANG_ENABLE_OBJC_WEAK = YES;
				CLANG_WARN_BLOCK_CAPTURE_AUTORELEASING = YES;
				CLANG_WARN_BOOL_CONVERSION = YES;
				CLANG_WARN_COMMA = YES;
				CLANG_WARN_CONSTANT_CONVERSION = YES;
				CLANG_WARN_DEPRECATED_OBJC_IMPLEMENTATIONS = YES;
				CLANG_WARN_DIRECT_OBJC_ISA_USAGE = YES_ERROR;
				CLANG_WARN_DOCUMENTATION_COMMENTS = YES;
				CLANG_WARN_EMPTY_BODY = YES;
				CLANG_WARN_ENUM_CONVERSION = YES;
				CLANG_WARN_INFINITE_RECURSION = YES;
				CLANG_WARN_INT_CONVERSION = YES;
				CLANG_WARN_NON_LITERAL_NULL_CONVERSION = YES;
				CLANG_WARN_OBJC_IMPLICIT_RETAIN_SELF = YES;
				CLANG_WARN_OBJC_LITERAL_CONVERSION = YES;
				CLANG_WARN_OBJC_ROOT_CLASS = YES_ERROR;
				CLANG_WARN_QUOTED_INCLUDE_IN_FRAMEWORK_HEADER = YES;
				CLANG_WARN_RANGE_LOOP_ANALYSIS = YES;
				CLANG_WARN_STRICT_PROTOTYPES = YES;
				CLANG_WARN_SUSPICIOUS_MOVE = YES;
				CLANG_WARN_UNGUARDED_AVAILABILITY = YES_AGGRESSIVE;
				CLANG_WARN_UNREACHABLE_CODE = YES;
				CLANG_WARN__DUPLICATE_METHOD_MATCH = YES;
				COPY_PHASE_STRIP = NO;
				DEBUG_INFORMATION_FORMAT = "dwarf-with-dsym";
				ENABLE_NS_ASSERTIONS = NO;
				ENABLE_STRICT_OBJC_MSGSEND = YES;
				GCC_C_LANGUAGE_STANDARD = gnu11;
				GCC_NO_COMMON_BLOCKS = YES;
				GCC_WARN_64_TO_32_BIT_CONVERSION = YES;
				GCC_WARN_ABOUT_RETURN_TYPE = YES_ERROR;
				GCC_WARN_UNDECLARED_SELECTOR = YES;
				GCC_WARN_UNINITIALIZED_AUTOS = YES_AGGRESSIVE;
				GCC_WARN_UNUSED_FUNCTION = YES;
				GCC_WARN_UNUSED_VARIABLE = YES;
				IPHONEOS_DEPLOYMENT_TARGET = 14.4;
				MTL_ENABLE_DEBUG_INFO = NO;
				MTL_FAST_MATH = YES;
				SDKROOT = iphoneos;
				SWIFT_COMPILATION_MODE = wholemodule;
				SWIFT_OPTIMIZATION_LEVEL = "-O";
				VALIDATE_PRODUCT = YES;
			};
			name = Release;
		};
		AB2D9817261207D2001CD8D6 /* Debug */ = {
			isa = XCBuildConfiguration;
			buildSettings = {
				ASSETCATALOG_COMPILER_APPICON_NAME = AppIcon;
				ASSETCATALOG_COMPILER_GLOBAL_ACCENT_COLOR_NAME = AccentColor;
				CODE_SIGN_STYLE = Automatic;
				DEVELOPMENT_ASSET_PATHS = "\"DragGame/Preview Content\"";
				DEVELOPMENT_TEAM = CQCPP83MT6;
				ENABLE_PREVIEWS = YES;
				INFOPLIST_FILE = DragGame/Info.plist;
				IPHONEOS_DEPLOYMENT_TARGET = 14.0;
				LD_RUNPATH_SEARCH_PATHS = (
					"$(inherited)",
					"@executable_path/Frameworks",
				);
				PRODUCT_BUNDLE_IDENTIFIER = Chase.DragGame;
				PRODUCT_NAME = "$(TARGET_NAME)";
				SWIFT_VERSION = 5.0;
				TARGETED_DEVICE_FAMILY = "1,2";
			};
			name = Debug;
		};
		AB2D9818261207D2001CD8D6 /* Release */ = {
			isa = XCBuildConfiguration;
			buildSettings = {
				ASSETCATALOG_COMPILER_APPICON_NAME = AppIcon;
				ASSETCATALOG_COMPILER_GLOBAL_ACCENT_COLOR_NAME = AccentColor;
				CODE_SIGN_STYLE = Automatic;
				DEVELOPMENT_ASSET_PATHS = "\"DragGame/Preview Content\"";
				DEVELOPMENT_TEAM = CQCPP83MT6;
				ENABLE_PREVIEWS = YES;
				INFOPLIST_FILE = DragGame/Info.plist;
				IPHONEOS_DEPLOYMENT_TARGET = 14.0;
				LD_RUNPATH_SEARCH_PATHS = (
					"$(inherited)",
					"@executable_path/Frameworks",
				);
				PRODUCT_BUNDLE_IDENTIFIER = Chase.DragGame;
				PRODUCT_NAME = "$(TARGET_NAME)";
				SWIFT_VERSION = 5.0;
				TARGETED_DEVICE_FAMILY = "1,2";
			};
			name = Release;
		};
		AB2D981A261207D2001CD8D6 /* Debug */ = {
			isa = XCBuildConfiguration;
			buildSettings = {
				ALWAYS_EMBED_SWIFT_STANDARD_LIBRARIES = YES;
				BUNDLE_LOADER = "$(TEST_HOST)";
				CODE_SIGN_STYLE = Automatic;
				DEVELOPMENT_TEAM = CQCPP83MT6;
				INFOPLIST_FILE = DragGameTests/Info.plist;
				IPHONEOS_DEPLOYMENT_TARGET = 14.0;
				LD_RUNPATH_SEARCH_PATHS = (
					"$(inherited)",
					"@executable_path/Frameworks",
					"@loader_path/Frameworks",
				);
				PRODUCT_BUNDLE_IDENTIFIER = Chase.DragGameTests;
				PRODUCT_NAME = "$(TARGET_NAME)";
				SWIFT_VERSION = 5.0;
				TARGETED_DEVICE_FAMILY = "1,2";
				TEST_HOST = "$(BUILT_PRODUCTS_DIR)/DragGame.app/DragGame";
			};
			name = Debug;
		};
		AB2D981B261207D2001CD8D6 /* Release */ = {
			isa = XCBuildConfiguration;
			buildSettings = {
				ALWAYS_EMBED_SWIFT_STANDARD_LIBRARIES = YES;
				BUNDLE_LOADER = "$(TEST_HOST)";
				CODE_SIGN_STYLE = Automatic;
				DEVELOPMENT_TEAM = CQCPP83MT6;
				INFOPLIST_FILE = DragGameTests/Info.plist;
				IPHONEOS_DEPLOYMENT_TARGET = 14.0;
				LD_RUNPATH_SEARCH_PATHS = (
					"$(inherited)",
					"@executable_path/Frameworks",
					"@loader_path/Frameworks",
				);
				PRODUCT_BUNDLE_IDENTIFIER = Chase.DragGameTests;
				PRODUCT_NAME = "$(TARGET_NAME)";
				SWIFT_VERSION = 5.0;
				TARGETED_DEVICE_FAMILY = "1,2";
				TEST_HOST = "$(BUILT_PRODUCTS_DIR)/DragGame.app/DragGame";
			};
			name = Release;
		};
		AB2D981D261207D2001CD8D6 /* Debug */ = {
			isa = XCBuildConfiguration;
			buildSettings = {
				ALWAYS_EMBED_SWIFT_STANDARD_LIBRARIES = YES;
				CODE_SIGN_STYLE = Automatic;
				DEVELOPMENT_TEAM = CQCPP83MT6;
				INFOPLIST_FILE = DragGameUITests/Info.plist;
				LD_RUNPATH_SEARCH_PATHS = (
					"$(inherited)",
					"@executable_path/Frameworks",
					"@loader_path/Frameworks",
				);
				PRODUCT_BUNDLE_IDENTIFIER = Chase.DragGameUITests;
				PRODUCT_NAME = "$(TARGET_NAME)";
				SWIFT_VERSION = 5.0;
				TARGETED_DEVICE_FAMILY = "1,2";
				TEST_TARGET_NAME = DragGame;
			};
			name = Debug;
		};
		AB2D981E261207D2001CD8D6 /* Release */ = {
			isa = XCBuildConfiguration;
			buildSettings = {
				ALWAYS_EMBED_SWIFT_STANDARD_LIBRARIES = YES;
				CODE_SIGN_STYLE = Automatic;
				DEVELOPMENT_TEAM = CQCPP83MT6;
				INFOPLIST_FILE = DragGameUITests/Info.plist;
				LD_RUNPATH_SEARCH_PATHS = (
					"$(inherited)",
					"@executable_path/Frameworks",
					"@loader_path/Frameworks",
				);
				PRODUCT_BUNDLE_IDENTIFIER = Chase.DragGameUITests;
				PRODUCT_NAME = "$(TARGET_NAME)";
				SWIFT_VERSION = 5.0;
				TARGETED_DEVICE_FAMILY = "1,2";
				TEST_TARGET_NAME = DragGame;
			};
			name = Release;
		};
/* End XCBuildConfiguration section */

/* Begin XCConfigurationList section */
		AB2D97EC261207CF001CD8D6 /* Build configuration list for PBXProject "DragGame" */ = {
			isa = XCConfigurationList;
			buildConfigurations = (
				AB2D9814261207D2001CD8D6 /* Debug */,
				AB2D9815261207D2001CD8D6 /* Release */,
			);
			defaultConfigurationIsVisible = 0;
			defaultConfigurationName = Release;
		};
		AB2D9816261207D2001CD8D6 /* Build configuration list for PBXNativeTarget "DragGame" */ = {
			isa = XCConfigurationList;
			buildConfigurations = (
				AB2D9817261207D2001CD8D6 /* Debug */,
				AB2D9818261207D2001CD8D6 /* Release */,
			);
			defaultConfigurationIsVisible = 0;
			defaultConfigurationName = Release;
		};
		AB2D9819261207D2001CD8D6 /* Build configuration list for PBXNativeTarget "DragGameTests" */ = {
			isa = XCConfigurationList;
			buildConfigurations = (
				AB2D981A261207D2001CD8D6 /* Debug */,
				AB2D981B261207D2001CD8D6 /* Release */,
			);
			defaultConfigurationIsVisible = 0;
			defaultConfigurationName = Release;
		};
		AB2D981C261207D2001CD8D6 /* Build configuration list for PBXNativeTarget "DragGameUITests" */ = {
			isa = XCConfigurationList;
			buildConfigurations = (
				AB2D981D261207D2001CD8D6 /* Debug */,
				AB2D981E261207D2001CD8D6 /* Release */,
			);
			defaultConfigurationIsVisible = 0;
			defaultConfigurationName = Release;
		};
/* End XCConfigurationList section */
	};
	rootObject = AB2D97E9261207CF001CD8D6 /* Project object */;
}
